// !$*UTF8*$!
{
	archiveVersion = 1;
	classes = {
	};
	objectVersion = 50;
	objects = {

/* Begin PBXBuildFile section */
		0604FF1626FE46BA00943BF3 /* ViewControllerOnBoarding.swift in Sources */ = {isa = PBXBuildFile; fileRef = 0604FF1526FE46BA00943BF3 /* ViewControllerOnBoarding.swift */; };
		0604FF1827022C1300943BF3 /* TextoLabelEstados.swift in Sources */ = {isa = PBXBuildFile; fileRef = 0604FF1727022C1300943BF3 /* TextoLabelEstados.swift */; };
		06C270322704F95800C9CC77 /* ViewOnboarding.swift in Sources */ = {isa = PBXBuildFile; fileRef = 06C270312704F95800C9CC77 /* ViewOnboarding.swift */; };
		BA17917626EBF3B800D850EC /* AppDelegate.swift in Sources */ = {isa = PBXBuildFile; fileRef = BA17917526EBF3B800D850EC /* AppDelegate.swift */; };
		BA17917826EBF3B800D850EC /* SceneDelegate.swift in Sources */ = {isa = PBXBuildFile; fileRef = BA17917726EBF3B800D850EC /* SceneDelegate.swift */; };
		BA17917A26EBF3B800D850EC /* CameraViewController.swift in Sources */ = {isa = PBXBuildFile; fileRef = BA17917926EBF3B800D850EC /* CameraViewController.swift */; };
		BA17917F26EBF3B900D850EC /* Assets.xcassets in Resources */ = {isa = PBXBuildFile; fileRef = BA17917E26EBF3B900D850EC /* Assets.xcassets */; };
		BA17918226EBF3B900D850EC /* LaunchScreen.storyboard in Resources */ = {isa = PBXBuildFile; fileRef = BA17918026EBF3B900D850EC /* LaunchScreen.storyboard */; };
		BA660001270782F2005C3C4E /* LightObjectDetector 5.mlmodel in Sources */ = {isa = PBXBuildFile; fileRef = BA660000270782F2005C3C4E /* LightObjectDetector 5.mlmodel */; };
		BA9FEA1A26FBC5FB00BD5CCD /* VisionObjectRecognitionViewController.swift in Sources */ = {isa = PBXBuildFile; fileRef = BA9FEA1926FBC5FB00BD5CCD /* VisionObjectRecognitionViewController.swift */; };
/* End PBXBuildFile section */

/* Begin PBXFileReference section */
		0604FF1526FE46BA00943BF3 /* ViewControllerOnBoarding.swift */ = {isa = PBXFileReference; lastKnownFileType = sourcecode.swift; path = ViewControllerOnBoarding.swift; sourceTree = "<group>"; };
		0604FF1727022C1300943BF3 /* TextoLabelEstados.swift */ = {isa = PBXFileReference; lastKnownFileType = sourcecode.swift; path = TextoLabelEstados.swift; sourceTree = "<group>"; };
		06C270312704F95800C9CC77 /* ViewOnboarding.swift */ = {isa = PBXFileReference; lastKnownFileType = sourcecode.swift; path = ViewOnboarding.swift; sourceTree = "<group>"; };
		BA17917226EBF3B800D850EC /* TaLigado.app */ = {isa = PBXFileReference; explicitFileType = wrapper.application; includeInIndex = 0; path = TaLigado.app; sourceTree = BUILT_PRODUCTS_DIR; };
		BA17917526EBF3B800D850EC /* AppDelegate.swift */ = {isa = PBXFileReference; lastKnownFileType = sourcecode.swift; path = AppDelegate.swift; sourceTree = "<group>"; };
		BA17917726EBF3B800D850EC /* SceneDelegate.swift */ = {isa = PBXFileReference; lastKnownFileType = sourcecode.swift; path = SceneDelegate.swift; sourceTree = "<group>"; };
		BA17917926EBF3B800D850EC /* CameraViewController.swift */ = {isa = PBXFileReference; lastKnownFileType = sourcecode.swift; path = CameraViewController.swift; sourceTree = "<group>"; };
		BA17917E26EBF3B900D850EC /* Assets.xcassets */ = {isa = PBXFileReference; lastKnownFileType = folder.assetcatalog; path = Assets.xcassets; sourceTree = "<group>"; };
		BA17918126EBF3B900D850EC /* Base */ = {isa = PBXFileReference; lastKnownFileType = file.storyboard; name = Base; path = Base.lproj/LaunchScreen.storyboard; sourceTree = "<group>"; };
		BA17918326EBF3B900D850EC /* Info.plist */ = {isa = PBXFileReference; lastKnownFileType = text.plist.xml; path = Info.plist; sourceTree = "<group>"; };
		BA660000270782F2005C3C4E /* LightObjectDetector 5.mlmodel */ = {isa = PBXFileReference; lastKnownFileType = file.mlmodel; path = "LightObjectDetector 5.mlmodel"; sourceTree = "<group>"; };
		BA9FEA1926FBC5FB00BD5CCD /* VisionObjectRecognitionViewController.swift */ = {isa = PBXFileReference; lastKnownFileType = sourcecode.swift; path = VisionObjectRecognitionViewController.swift; sourceTree = "<group>"; };
/* End PBXFileReference section */

/* Begin PBXFrameworksBuildPhase section */
		BA17916F26EBF3B800D850EC /* Frameworks */ = {
			isa = PBXFrameworksBuildPhase;
			buildActionMask = 2147483647;
			files = (
			);
			runOnlyForDeploymentPostprocessing = 0;
		};
/* End PBXFrameworksBuildPhase section */

/* Begin PBXGroup section */
		BA17916926EBF3B800D850EC = {
			isa = PBXGroup;
			children = (
				BA17917426EBF3B800D850EC /* TaLigado */,
				BA17917326EBF3B800D850EC /* Products */,
			);
			sourceTree = "<group>";
		};
		BA17917326EBF3B800D850EC /* Products */ = {
			isa = PBXGroup;
			children = (
				BA17917226EBF3B800D850EC /* TaLigado.app */,
			);
			name = Products;
			sourceTree = "<group>";
		};
		BA17917426EBF3B800D850EC /* TaLigado */ = {
			isa = PBXGroup;
			children = (
				BA17917526EBF3B800D850EC /* AppDelegate.swift */,
				BA17917726EBF3B800D850EC /* SceneDelegate.swift */,
				BA17917926EBF3B800D850EC /* CameraViewController.swift */,
				BA9FEA1926FBC5FB00BD5CCD /* VisionObjectRecognitionViewController.swift */,
				0604FF1526FE46BA00943BF3 /* ViewControllerOnBoarding.swift */,
				06C270312704F95800C9CC77 /* ViewOnboarding.swift */,
				0604FF1727022C1300943BF3 /* TextoLabelEstados.swift */,
				BA660000270782F2005C3C4E /* LightObjectDetector 5.mlmodel */,
				BA17917E26EBF3B900D850EC /* Assets.xcassets */,
				BA17918026EBF3B900D850EC /* LaunchScreen.storyboard */,
				BA17918326EBF3B900D850EC /* Info.plist */,
			);
			path = TaLigado;
			sourceTree = "<group>";
		};
/* End PBXGroup section */

/* Begin PBXNativeTarget section */
		BA17917126EBF3B800D850EC /* TaLigado */ = {
			isa = PBXNativeTarget;
			buildConfigurationList = BA17918626EBF3B900D850EC /* Build configuration list for PBXNativeTarget "TaLigado" */;
			buildPhases = (
				BA17916E26EBF3B800D850EC /* Sources */,
				BA17916F26EBF3B800D850EC /* Frameworks */,
				BA17917026EBF3B800D850EC /* Resources */,
			);
			buildRules = (
			);
			dependencies = (
			);
			name = TaLigado;
			productName = TaLigado;
			productReference = BA17917226EBF3B800D850EC /* TaLigado.app */;
			productType = "com.apple.product-type.application";
		};
/* End PBXNativeTarget section */

/* Begin PBXProject section */
		BA17916A26EBF3B800D850EC /* Project object */ = {
			isa = PBXProject;
			attributes = {
				LastSwiftUpdateCheck = 1250;
				LastUpgradeCheck = 1250;
				TargetAttributes = {
					BA17917126EBF3B800D850EC = {
						CreatedOnToolsVersion = 12.5.1;
					};
				};
			};
			buildConfigurationList = BA17916D26EBF3B800D850EC /* Build configuration list for PBXProject "TaLigado" */;
			compatibilityVersion = "Xcode 9.3";
			developmentRegion = en;
			hasScannedForEncodings = 0;
			knownRegions = (
				en,
				Base,
			);
			mainGroup = BA17916926EBF3B800D850EC;
			productRefGroup = BA17917326EBF3B800D850EC /* Products */;
			projectDirPath = "";
			projectRoot = "";
			targets = (
				BA17917126EBF3B800D850EC /* TaLigado */,
			);
		};
/* End PBXProject section */

/* Begin PBXResourcesBuildPhase section */
		BA17917026EBF3B800D850EC /* Resources */ = {
			isa = PBXResourcesBuildPhase;
			buildActionMask = 2147483647;
			files = (
				BA17918226EBF3B900D850EC /* LaunchScreen.storyboard in Resources */,
				BA17917F26EBF3B900D850EC /* Assets.xcassets in Resources */,
			);
			runOnlyForDeploymentPostprocessing = 0;
		};
/* End PBXResourcesBuildPhase section */

/* Begin PBXSourcesBuildPhase section */
		BA17916E26EBF3B800D850EC /* Sources */ = {
			isa = PBXSourcesBuildPhase;
			buildActionMask = 2147483647;
			files = (
				BA17917A26EBF3B800D850EC /* CameraViewController.swift in Sources */,
				BA9FEA1A26FBC5FB00BD5CCD /* VisionObjectRecognitionViewController.swift in Sources */,
				BA17917626EBF3B800D850EC /* AppDelegate.swift in Sources */,
				BA17917826EBF3B800D850EC /* SceneDelegate.swift in Sources */,
				0604FF1827022C1300943BF3 /* TextoLabelEstados.swift in Sources */,
				06C270322704F95800C9CC77 /* ViewOnboarding.swift in Sources */,
				0604FF1626FE46BA00943BF3 /* ViewControllerOnBoarding.swift in Sources */,
				BA660001270782F2005C3C4E /* LightObjectDetector 5.mlmodel in Sources */,
			);
			runOnlyForDeploymentPostprocessing = 0;
		};
/* End PBXSourcesBuildPhase section */

/* Begin PBXVariantGroup section */
		BA17918026EBF3B900D850EC /* LaunchScreen.storyboard */ = {
			isa = PBXVariantGroup;
			children = (
				BA17918126EBF3B900D850EC /* Base */,
			);
			name = LaunchScreen.storyboard;
			sourceTree = "<group>";
		};
/* End PBXVariantGroup section */

/* Begin XCBuildConfiguration section */
		BA17918426EBF3B900D850EC /* Debug */ = {
			isa = XCBuildConfiguration;
			buildSettings = {
				ALWAYS_SEARCH_USER_PATHS = NO;
				CLANG_ANALYZER_NONNULL = YES;
				CLANG_ANALYZER_NUMBER_OBJECT_CONVERSION = YES_AGGRESSIVE;
				CLANG_CXX_LANGUAGE_STANDARD = "gnu++14";
				CLANG_CXX_LIBRARY = "libc++";
				CLANG_ENABLE_MODULES = YES;
				CLANG_ENABLE_OBJC_ARC = YES;
				CLANG_ENABLE_OBJC_WEAK = YES;
				CLANG_WARN_BLOCK_CAPTURE_AUTORELEASING = YES;
				CLANG_WARN_BOOL_CONVERSION = YES;
				CLANG_WARN_COMMA = YES;
				CLANG_WARN_CONSTANT_CONVERSION = YES;
				CLANG_WARN_DEPRECATED_OBJC_IMPLEMENTATIONS = YES;
				CLANG_WARN_DIRECT_OBJC_ISA_USAGE = YES_ERROR;
				CLANG_WARN_DOCUMENTATION_COMMENTS = YES;
				CLANG_WARN_EMPTY_BODY = YES;
				CLANG_WARN_ENUM_CONVERSION = YES;
				CLANG_WARN_INFINITE_RECURSION = YES;
				CLANG_WARN_INT_CONVERSION = YES;
				CLANG_WARN_NON_LITERAL_NULL_CONVERSION = YES;
				CLANG_WARN_OBJC_IMPLICIT_RETAIN_SELF = YES;
				CLANG_WARN_OBJC_LITERAL_CONVERSION = YES;
				CLANG_WARN_OBJC_ROOT_CLASS = YES_ERROR;
				CLANG_WARN_QUOTED_INCLUDE_IN_FRAMEWORK_HEADER = YES;
				CLANG_WARN_RANGE_LOOP_ANALYSIS = YES;
				CLANG_WARN_STRICT_PROTOTYPES = YES;
				CLANG_WARN_SUSPICIOUS_MOVE = YES;
				CLANG_WARN_UNGUARDED_AVAILABILITY = YES_AGGRESSIVE;
				CLANG_WARN_UNREACHABLE_CODE = YES;
				CLANG_WARN__DUPLICATE_METHOD_MATCH = YES;
				COPY_PHASE_STRIP = NO;
				DEBUG_INFORMATION_FORMAT = dwarf;
				ENABLE_STRICT_OBJC_MSGSEND = YES;
				ENABLE_TESTABILITY = YES;
				GCC_C_LANGUAGE_STANDARD = gnu11;
				GCC_DYNAMIC_NO_PIC = NO;
				GCC_NO_COMMON_BLOCKS = YES;
				GCC_OPTIMIZATION_LEVEL = 0;
				GCC_PREPROCESSOR_DEFINITIONS = (
					"DEBUG=1",
					"$(inherited)",
				);
				GCC_WARN_64_TO_32_BIT_CONVERSION = YES;
				GCC_WARN_ABOUT_RETURN_TYPE = YES_ERROR;
				GCC_WARN_UNDECLARED_SELECTOR = YES;
				GCC_WARN_UNINITIALIZED_AUTOS = YES_AGGRESSIVE;
				GCC_WARN_UNUSED_FUNCTION = YES;
				GCC_WARN_UNUSED_VARIABLE = YES;
				IPHONEOS_DEPLOYMENT_TARGET = 14.5;
				MTL_ENABLE_DEBUG_INFO = INCLUDE_SOURCE;
				MTL_FAST_MATH = YES;
				ONLY_ACTIVE_ARCH = YES;
				SDKROOT = iphoneos;
				SWIFT_ACTIVE_COMPILATION_CONDITIONS = DEBUG;
				SWIFT_OPTIMIZATION_LEVEL = "-Onone";
			};
			name = Debug;
		};
		BA17918526EBF3B900D850EC /* Release */ = {
			isa = XCBuildConfiguration;
			buildSettings = {
				ALWAYS_SEARCH_USER_PATHS = NO;
				CLANG_ANALYZER_NONNULL = YES;
				CLANG_ANALYZER_NUMBER_OBJECT_CONVERSION = YES_AGGRESSIVE;
				CLANG_CXX_LANGUAGE_STANDARD = "gnu++14";
				CLANG_CXX_LIBRARY = "libc++";
				CLANG_ENABLE_MODULES = YES;
				CLANG_ENABLE_OBJC_ARC = YES;
				CLANG_ENABLE_OBJC_WEAK = YES;
				CLANG_WARN_BLOCK_CAPTURE_AUTORELEASING = YES;
				CLANG_WARN_BOOL_CONVERSION = YES;
				CLANG_WARN_COMMA = YES;
				CLANG_WARN_CONSTANT_CONVERSION = YES;
				CLANG_WARN_DEPRECATED_OBJC_IMPLEMENTATIONS = YES;
				CLANG_WARN_DIRECT_OBJC_ISA_USAGE = YES_ERROR;
				CLANG_WARN_DOCUMENTATION_COMMENTS = YES;
				CLANG_WARN_EMPTY_BODY = YES;
				CLANG_WARN_ENUM_CONVERSION = YES;
				CLANG_WARN_INFINITE_RECURSION = YES;
				CLANG_WARN_INT_CONVERSION = YES;
				CLANG_WARN_NON_LITERAL_NULL_CONVERSION = YES;
				CLANG_WARN_OBJC_IMPLICIT_RETAIN_SELF = YES;
				CLANG_WARN_OBJC_LITERAL_CONVERSION = YES;
				CLANG_WARN_OBJC_ROOT_CLASS = YES_ERROR;
				CLANG_WARN_QUOTED_INCLUDE_IN_FRAMEWORK_HEADER = YES;
				CLANG_WARN_RANGE_LOOP_ANALYSIS = YES;
				CLANG_WARN_STRICT_PROTOTYPES = YES;
				CLANG_WARN_SUSPICIOUS_MOVE = YES;
				CLANG_WARN_UNGUARDED_AVAILABILITY = YES_AGGRESSIVE;
				CLANG_WARN_UNREACHABLE_CODE = YES;
				CLANG_WARN__DUPLICATE_METHOD_MATCH = YES;
				COPY_PHASE_STRIP = NO;
				DEBUG_INFORMATION_FORMAT = "dwarf-with-dsym";
				ENABLE_NS_ASSERTIONS = NO;
				ENABLE_STRICT_OBJC_MSGSEND = YES;
				GCC_C_LANGUAGE_STANDARD = gnu11;
				GCC_NO_COMMON_BLOCKS = YES;
				GCC_WARN_64_TO_32_BIT_CONVERSION = YES;
				GCC_WARN_ABOUT_RETURN_TYPE = YES_ERROR;
				GCC_WARN_UNDECLARED_SELECTOR = YES;
				GCC_WARN_UNINITIALIZED_AUTOS = YES_AGGRESSIVE;
				GCC_WARN_UNUSED_FUNCTION = YES;
				GCC_WARN_UNUSED_VARIABLE = YES;
				IPHONEOS_DEPLOYMENT_TARGET = 14.5;
				MTL_ENABLE_DEBUG_INFO = NO;
				MTL_FAST_MATH = YES;
				SDKROOT = iphoneos;
				SWIFT_COMPILATION_MODE = wholemodule;
				SWIFT_OPTIMIZATION_LEVEL = "-O";
				VALIDATE_PRODUCT = YES;
			};
			name = Release;
		};
		BA17918726EBF3B900D850EC /* Debug */ = {
			isa = XCBuildConfiguration;
			buildSettings = {
				ASSETCATALOG_COMPILER_APPICON_NAME = AppIcon;
				ASSETCATALOG_COMPILER_GLOBAL_ACCENT_COLOR_NAME = AccentColor;
				CODE_SIGN_STYLE = Automatic;
				CURRENT_PROJECT_VERSION = 5;
				DEVELOPMENT_TEAM = QRB568C47A;
				INFOPLIST_FILE = TaLigado/Info.plist;
				LD_RUNPATH_SEARCH_PATHS = (
					"$(inherited)",
					"@executable_path/Frameworks",
				);
				MARKETING_VERSION = 1.0;
				PRODUCT_BUNDLE_IDENTIFIER = m.chevis.TaLigado;
				PRODUCT_NAME = "$(TARGET_NAME)";
				SWIFT_VERSION = 5.0;
				TARGETED_DEVICE_FAMILY = 1;
			};
			name = Debug;
		};
		BA17918826EBF3B900D850EC /* Release */ = {
			isa = XCBuildConfiguration;
			buildSettings = {
				ASSETCATALOG_COMPILER_APPICON_NAME = AppIcon;
				ASSETCATALOG_COMPILER_GLOBAL_ACCENT_COLOR_NAME = AccentColor;
				CODE_SIGN_STYLE = Automatic;
				CURRENT_PROJECT_VERSION = 5;
				DEVELOPMENT_TEAM = QRB568C47A;
				INFOPLIST_FILE = TaLigado/Info.plist;
				LD_RUNPATH_SEARCH_PATHS = (
					"$(inherited)",
					"@executable_path/Frameworks",
				);
				MARKETING_VERSION = 1.0;
				PRODUCT_BUNDLE_IDENTIFIER = m.chevis.TaLigado;
				PRODUCT_NAME = "$(TARGET_NAME)";
				SWIFT_VERSION = 5.0;
				TARGETED_DEVICE_FAMILY = 1;
			};
			name = Release;
		};
/* End XCBuildConfiguration section */

/* Begin XCConfigurationList section */
		BA17916D26EBF3B800D850EC /* Build configuration list for PBXProject "TaLigado" */ = {
			isa = XCConfigurationList;
			buildConfigurations = (
				BA17918426EBF3B900D850EC /* Debug */,
				BA17918526EBF3B900D850EC /* Release */,
			);
			defaultConfigurationIsVisible = 0;
			defaultConfigurationName = Release;
		};
		BA17918626EBF3B900D850EC /* Build configuration list for PBXNativeTarget "TaLigado" */ = {
			isa = XCConfigurationList;
			buildConfigurations = (
				BA17918726EBF3B900D850EC /* Debug */,
				BA17918826EBF3B900D850EC /* Release */,
			);
			defaultConfigurationIsVisible = 0;
			defaultConfigurationName = Release;
		};
/* End XCConfigurationList section */
	};
	rootObject = BA17916A26EBF3B800D850EC /* Project object */;
}
